
Microsoft Visual Studio Solution File, Format Version 12.00
# Visual Studio Version 17
VisualStudioVersion = 17.2.32519.379
MinimumVisualStudioVersion = 10.0.40219.1
Project("{FAE04EC0-301F-11D3-BF4B-00C04F79EFBC}") = "OnTapKiemTra", "OnTapKiemTra\OnTapKiemTra.csproj", "{A2A426C7-ABD9-4B12-AC43-86CE6C1C4BAB}"
EndProject
Project("{FAE04EC0-301F-11D3-BF4B-00C04F79EFBC}") = "BUS", "BUS\BUS.csproj", "{406C34A1-290D-4231-9232-9173422CAD30}"
EndProject
Project("{FAE04EC0-301F-11D3-BF4B-00C04F79EFBC}") = "DAL", "DAL\DAL.csproj", "{5EB14C43-38D3-45EE-A023-EC74C682699F}"
EndProject
Project("{FAE04EC0-301F-11D3-BF4B-00C04F79EFBC}") = "Entity", "Entity\Entity.csproj", "{52411F5E-A944-46EE-845C-733F61197F60}"
EndProject
Global
	GlobalSection(SolutionConfigurationPlatforms) = preSolution
		Debug|Any CPU = Debug|Any CPU
		Release|Any CPU = Release|Any CPU
	EndGlobalSection
	GlobalSection(ProjectConfigurationPlatforms) = postSolution
		{A2A426C7-ABD9-4B12-AC43-86CE6C1C4BAB}.Debug|Any CPU.ActiveCfg = Debug|Any CPU
		{A2A426C7-ABD9-4B12-AC43-86CE6C1C4BAB}.Debug|Any CPU.Build.0 = Debug|Any CPU
		{A2A426C7-ABD9-4B12-AC43-86CE6C1C4BAB}.Release|Any CPU.ActiveCfg = Release|Any CPU
		{A2A426C7-ABD9-4B12-AC43-86CE6C1C4BAB}.Release|Any CPU.Build.0 = Release|Any CPU
		{406C34A1-290D-4231-9232-9173422CAD30}.Debug|Any CPU.ActiveCfg = Debug|Any CPU
		{406C34A1-290D-4231-9232-9173422CAD30}.Debug|Any CPU.Build.0 = Debug|Any CPU
		{406C34A1-290D-4231-9232-9173422CAD30}.Release|Any CPU.ActiveCfg = Release|Any CPU
		{406C34A1-290D-4231-9232-9173422CAD30}.Release|Any CPU.Build.0 = Release|Any CPU
		{5EB14C43-38D3-45EE-A023-EC74C682699F}.Debug|Any CPU.ActiveCfg = Debug|Any CPU
		{5EB14C43-38D3-45EE-A023-EC74C682699F}.Debug|Any CPU.Build.0 = Debug|Any CPU
		{5EB14C43-38D3-45EE-A023-EC74C682699F}.Release|Any CPU.ActiveCfg = Release|Any CPU
		{5EB14C43-38D3-45EE-A023-EC74C682699F}.Release|Any CPU.Build.0 = Release|Any CPU
		{52411F5E-A944-46EE-845C-733F61197F60}.Debug|Any CPU.ActiveCfg = Debug|Any CPU
		{52411F5E-A944-46EE-845C-733F61197F60}.Debug|Any CPU.Build.0 = Debug|Any CPU
		{52411F5E-A944-46EE-845C-733F61197F60}.Release|Any CPU.ActiveCfg = Release|Any CPU
		{52411F5E-A944-46EE-845C-733F61197F60}.Release|Any CPU.Build.0 = Release|Any CPU
	EndGlobalSection
	GlobalSection(SolutionProperties) = preSolution
		HideSolutionNode = FALSE
	EndGlobalSection
	GlobalSection(ExtensibilityGlobals) = postSolution
		SolutionGuid = {F05F0819-570F-4DE9-A18A-2B292C448668}
	EndGlobalSection
EndGlobal
